Microsoft Visual Studio Solution File, Format Version 12.00
# Visual Studio Version 17
VisualStudioVersion = 17.5.2.0
MinimumVisualStudioVersion = 10.0.40219.1
Project("{FAE04EC0-301F-11D3-BF4B-00C04F79EFBC}") = "WayVPN.Android", "WayVPN.Android.csproj", "{6598E5A6-382B-08AB-DDAA-FB3D54142DE2}"
EndProject
Global
	GlobalSection(SolutionConfigurationPlatforms) = preSolution
		Debug|Any CPU = Debug|Any CPU
		Release|Any CPU = Release|Any CPU
	EndGlobalSection
	GlobalSection(ProjectConfigurationPlatforms) = postSolution
		{6598E5A6-382B-08AB-DDAA-FB3D54142DE2}.Debug|Any CPU.ActiveCfg = Debug|Any CPU
		{6598E5A6-382B-08AB-DDAA-FB3D54142DE2}.Debug|Any CPU.Build.0 = Debug|Any CPU
		{6598E5A6-382B-08AB-DDAA-FB3D54142DE2}.Release|Any CPU.ActiveCfg = Release|Any CPU
		{6598E5A6-382B-08AB-DDAA-FB3D54142DE2}.Release|Any CPU.Build.0 = Release|Any CPU
	EndGlobalSection
	GlobalSection(SolutionProperties) = preSolution
		HideSolutionNode = FALSE
	EndGlobalSection
	GlobalSection(ExtensibilityGlobals) = postSolution
		SolutionGuid = {9ECA7C61-3C25-460D-B9C3-58226449DA70}
	EndGlobalSection
EndGlobal
